<?xml version="1.0" encoding="utf-8"?>
<Project ToolsVersion="4.0" xmlns="http://schemas.microsoft.com/developer/msbuild/2003">
  <ItemGroup>
    <Filter Include="Ricole">
      <UniqueIdentifier>{4345CACE-2FE7-F4A4-18A2-08F904E37BF5}</UniqueIdentifier>
    </Filter>
    <Filter Include="Ricole\Events">
      <UniqueIdentifier>{C7079B66-33C8-169D-FC02-601A68825B79}</UniqueIdentifier>
    </Filter>
  </ItemGroup>
  <ItemGroup>
    <ClInclude Include="src\Ricole.h" />
    <ClInclude Include="src\Ricole\Application.h">
      <Filter>Ricole</Filter>
    </ClInclude>
    <ClInclude Include="src\Ricole\Core.h">
      <Filter>Ricole</Filter>
    </ClInclude>
    <ClInclude Include="src\Ricole\EntryPoint.h">
      <Filter>Ricole</Filter>
    </ClInclude>
    <ClInclude Include="src\Ricole\Events\ApplicationEvent.h">
      <Filter>Ricole\Events</Filter>
    </ClInclude>
    <ClInclude Include="src\Ricole\Events\Event.h">
      <Filter>Ricole\Events</Filter>
    </ClInclude>
    <ClInclude Include="src\Ricole\Events\KeyEvent.h">
      <Filter>Ricole\Events</Filter>
    </ClInclude>
    <ClInclude Include="src\Ricole\Events\MouseEvent.h">
      <Filter>Ricole\Events</Filter>
    </ClInclude>
    <ClInclude Include="src\Ricole\Log.h">
      <Filter>Ricole</Filter>
    </ClInclude>
    <ClInclude Include="src\rcpch.h" />
  </ItemGroup>
  <ItemGroup>
    <ClCompile Include="src\Ricole\Application.cpp">
      <Filter>Ricole</Filter>
    </ClCompile>
    <ClCompile Include="src\Ricole\Log.cpp">
      <Filter>Ricole</Filter>
    </ClCompile>
    <ClCompile Include="src\rcpch.cpp" />
  </ItemGroup>
</Project>